
Microsoft Visual Studio Solution File, Format Version 12.00
# Visual Studio Version 17
VisualStudioVersion = 17.6.33801.468
MinimumVisualStudioVersion = 10.0.40219.1
Project("{FAE04EC0-301F-11D3-BF4B-00C04F79EFBC}") = "WebAPI_Demo", "WebAPI_Demo\WebAPI_Demo.csproj", "{817EEF34-482D-4198-974D-E19367CE7117}"
EndProject
Global
	GlobalSection(SolutionConfigurationPlatforms) = preSolution
		Debug|Any CPU = Debug|Any CPU
		Release|Any CPU = Release|Any CPU
	EndGlobalSection
	GlobalSection(ProjectConfigurationPlatforms) = postSolution
		{817EEF34-482D-4198-974D-E19367CE7117}.Debug|Any CPU.ActiveCfg = Debug|Any CPU
		{817EEF34-482D-4198-974D-E19367CE7117}.Debug|Any CPU.Build.0 = Debug|Any CPU
		{817EEF34-482D-4198-974D-E19367CE7117}.Release|Any CPU.ActiveCfg = Release|Any CPU
		{817EEF34-482D-4198-974D-E19367CE7117}.Release|Any CPU.Build.0 = Release|Any CPU
	EndGlobalSection
	GlobalSection(SolutionProperties) = preSolution
		HideSolutionNode = FALSE
	EndGlobalSection
	GlobalSection(ExtensibilityGlobals) = postSolution
		SolutionGuid = {CDE3C754-4E10-4762-98DC-76AE37069C04}
	EndGlobalSection
EndGlobal
